
Microsoft Visual Studio Solution File, Format Version 12.00
# Visual Studio Version 17
VisualStudioVersion = 17.0.32112.339
MinimumVisualStudioVersion = 10.0.40219.1
Project("{FAE04EC0-301F-11D3-BF4B-00C04F79EFBC}") = "ConsoleApp1", "ConsoleApp1\ConsoleApp1.csproj", "{AE9D650D-2874-409A-B33F-7329937281DC}"
EndProject
Global
	GlobalSection(SolutionConfigurationPlatforms) = preSolution
		Debug|Any CPU = Debug|Any CPU
		Release|Any CPU = Release|Any CPU
	EndGlobalSection
	GlobalSection(ProjectConfigurationPlatforms) = postSolution
		{AE9D650D-2874-409A-B33F-7329937281DC}.Debug|Any CPU.ActiveCfg = Debug|Any CPU
		{AE9D650D-2874-409A-B33F-7329937281DC}.Debug|Any CPU.Build.0 = Debug|Any CPU
		{AE9D650D-2874-409A-B33F-7329937281DC}.Release|Any CPU.ActiveCfg = Release|Any CPU
		{AE9D650D-2874-409A-B33F-7329937281DC}.Release|Any CPU.Build.0 = Release|Any CPU
	EndGlobalSection
	GlobalSection(SolutionProperties) = preSolution
		HideSolutionNode = FALSE
	EndGlobalSection
	GlobalSection(ExtensibilityGlobals) = postSolution
		SolutionGuid = {037EEFB5-EC04-4190-A853-2BBEC5E2C08A}
	EndGlobalSection
EndGlobal
